
Microsoft Visual Studio Solution File, Format Version 12.00
# Visual Studio Version 17
VisualStudioVersion = 17.9.34622.214
MinimumVisualStudioVersion = 10.0.40219.1
Project("{FAE04EC0-301F-11D3-BF4B-00C04F79EFBC}") = "Alarm", "Alarm\Alarm.csproj", "{FD54B3FC-5E28-454A-B01F-5BEBA5827551}"
EndProject
Global
	GlobalSection(SolutionConfigurationPlatforms) = preSolution
		Debug|Any CPU = Debug|Any CPU
		Release|Any CPU = Release|Any CPU
	EndGlobalSection
	GlobalSection(ProjectConfigurationPlatforms) = postSolution
		{FD54B3FC-5E28-454A-B01F-5BEBA5827551}.Debug|Any CPU.ActiveCfg = Debug|Any CPU
		{FD54B3FC-5E28-454A-B01F-5BEBA5827551}.Debug|Any CPU.Build.0 = Debug|Any CPU
		{FD54B3FC-5E28-454A-B01F-5BEBA5827551}.Release|Any CPU.ActiveCfg = Release|Any CPU
		{FD54B3FC-5E28-454A-B01F-5BEBA5827551}.Release|Any CPU.Build.0 = Release|Any CPU
	EndGlobalSection
	GlobalSection(SolutionProperties) = preSolution
		HideSolutionNode = FALSE
	EndGlobalSection
	GlobalSection(ExtensibilityGlobals) = postSolution
		SolutionGuid = {8D297D48-6446-4D7C-B7C4-C03F491B024C}
	EndGlobalSection
EndGlobal
